// !$*UTF8*$!
{
	archiveVersion = 1;
	classes = {
	};
	objectVersion = 77;
	objects = {

/* Begin PBXContainerItemProxy section */
		380F11ED2E8EC5F1000753E9 /* PBXContainerItemProxy */ = {
			isa = PBXContainerItemProxy;
			containerPortal = 380F11D42E8EC5ED000753E9 /* Project object */;
			proxyType = 1;
			remoteGlobalIDString = 380F11DB2E8EC5ED000753E9;
			remoteInfo = HatchWorks_challenge;
		};
		380F11F72E8EC5F1000753E9 /* PBXContainerItemProxy */ = {
			isa = PBXContainerItemProxy;
			containerPortal = 380F11D42E8EC5ED000753E9 /* Project object */;
			proxyType = 1;
			remoteGlobalIDString = 380F11DB2E8EC5ED000753E9;
			remoteInfo = HatchWorks_challenge;
		};
/* End PBXContainerItemProxy section */

/* Begin PBXFileReference section */
		380F11DC2E8EC5ED000753E9 /* HatchWorks_challenge.app */ = {isa = PBXFileReference; explicitFileType = wrapper.application; includeInIndex = 0; path = HatchWorks_challenge.app; sourceTree = BUILT_PRODUCTS_DIR; };
		380F11EC2E8EC5F1000753E9 /* HatchWorks_challengeTests.xctest */ = {isa = PBXFileReference; explicitFileType = wrapper.cfbundle; includeInIndex = 0; path = HatchWorks_challengeTests.xctest; sourceTree = BUILT_PRODUCTS_DIR; };
		380F11F62E8EC5F1000753E9 /* HatchWorks_challengeUITests.xctest */ = {isa = PBXFileReference; explicitFileType = wrapper.cfbundle; includeInIndex = 0; path = HatchWorks_challengeUITests.xctest; sourceTree = BUILT_PRODUCTS_DIR; };
/* End PBXFileReference section */

/* Begin PBXFileSystemSynchronizedRootGroup section */
		380F11DE2E8EC5ED000753E9 /* HatchWorks_challenge */ = {
			isa = PBXFileSystemSynchronizedRootGroup;
			path = HatchWorks_challenge;
			sourceTree = "<group>";
		};
		380F11EF2E8EC5F1000753E9 /* HatchWorks_challengeTests */ = {
			isa = PBXFileSystemSynchronizedRootGroup;
			path = HatchWorks_challengeTests;
			sourceTree = "<group>";
		};
		380F11F92E8EC5F1000753E9 /* HatchWorks_challengeUITests */ = {
			isa = PBXFileSystemSynchronizedRootGroup;
			path = HatchWorks_challengeUITests;
			sourceTree = "<group>";
		};
/* End PBXFileSystemSynchronizedRootGroup section */

/* Begin PBXFrameworksBuildPhase section */
		380F11D92E8EC5ED000753E9 /* Frameworks */ = {
			isa = PBXFrameworksBuildPhase;
			buildActionMask = 2147483647;
			files = (
			);
			runOnlyForDeploymentPostprocessing = 0;
		};
		380F11E92E8EC5F1000753E9 /* Frameworks */ = {
			isa = PBXFrameworksBuildPhase;
			buildActionMask = 2147483647;
			files = (
			);
			runOnlyForDeploymentPostprocessing = 0;
		};
		380F11F32E8EC5F1000753E9 /* Frameworks */ = {
			isa = PBXFrameworksBuildPhase;
			buildActionMask = 2147483647;
			files = (
			);
			runOnlyForDeploymentPostprocessing = 0;
		};
/* End PBXFrameworksBuildPhase section */

/* Begin PBXGroup section */
		380F11D32E8EC5ED000753E9 = {
			isa = PBXGroup;
			children = (
				380F11DE2E8EC5ED000753E9 /* HatchWorks_challenge */,
				380F11EF2E8EC5F1000753E9 /* HatchWorks_challengeTests */,
				380F11F92E8EC5F1000753E9 /* HatchWorks_challengeUITests */,
				380F11DD2E8EC5ED000753E9 /* Products */,
			);
			sourceTree = "<group>";
		};
		380F11DD2E8EC5ED000753E9 /* Products */ = {
			isa = PBXGroup;
			children = (
				380F11DC2E8EC5ED000753E9 /* HatchWorks_challenge.app */,
				380F11EC2E8EC5F1000753E9 /* HatchWorks_challengeTests.xctest */,
				380F11F62E8EC5F1000753E9 /* HatchWorks_challengeUITests.xctest */,
			);
			name = Products;
			sourceTree = "<group>";
		};
/* End PBXGroup section */

/* Begin PBXNativeTarget section */
		380F11DB2E8EC5ED000753E9 /* HatchWorks_challenge */ = {
			isa = PBXNativeTarget;
			buildConfigurationList = 380F12002E8EC5F1000753E9 /* Build configuration list for PBXNativeTarget "HatchWorks_challenge" */;
			buildPhases = (
				380F11D82E8EC5ED000753E9 /* Sources */,
				380F11D92E8EC5ED000753E9 /* Frameworks */,
				380F11DA2E8EC5ED000753E9 /* Resources */,
			);
			buildRules = (
			);
			dependencies = (
			);
			fileSystemSynchronizedGroups = (
				380F11DE2E8EC5ED000753E9 /* HatchWorks_challenge */,
			);
			name = HatchWorks_challenge;
			packageProductDependencies = (
			);
			productName = HatchWorks_challenge;
			productReference = 380F11DC2E8EC5ED000753E9 /* HatchWorks_challenge.app */;
			productType = "com.apple.product-type.application";
		};
		380F11EB2E8EC5F1000753E9 /* HatchWorks_challengeTests */ = {
			isa = PBXNativeTarget;
			buildConfigurationList = 380F12032E8EC5F1000753E9 /* Build configuration list for PBXNativeTarget "HatchWorks_challengeTests" */;
			buildPhases = (
				380F11E82E8EC5F1000753E9 /* Sources */,
				380F11E92E8EC5F1000753E9 /* Frameworks */,
				380F11EA2E8EC5F1000753E9 /* Resources */,
			);
			buildRules = (
			);
			dependencies = (
				380F11EE2E8EC5F1000753E9 /* PBXTargetDependency */,
			);
			fileSystemSynchronizedGroups = (
				380F11EF2E8EC5F1000753E9 /* HatchWorks_challengeTests */,
			);
			name = HatchWorks_challengeTests;
			packageProductDependencies = (
			);
			productName = HatchWorks_challengeTests;
			productReference = 380F11EC2E8EC5F1000753E9 /* HatchWorks_challengeTests.xctest */;
			productType = "com.apple.product-type.bundle.unit-test";
		};
		380F11F52E8EC5F1000753E9 /* HatchWorks_challengeUITests */ = {
			isa = PBXNativeTarget;
			buildConfigurationList = 380F12062E8EC5F1000753E9 /* Build configuration list for PBXNativeTarget "HatchWorks_challengeUITests" */;
			buildPhases = (
				380F11F22E8EC5F1000753E9 /* Sources */,
				380F11F32E8EC5F1000753E9 /* Frameworks */,
				380F11F42E8EC5F1000753E9 /* Resources */,
			);
			buildRules = (
			);
			dependencies = (
				380F11F82E8EC5F1000753E9 /* PBXTargetDependency */,
			);
			fileSystemSynchronizedGroups = (
				380F11F92E8EC5F1000753E9 /* HatchWorks_challengeUITests */,
			);
			name = HatchWorks_challengeUITests;
			packageProductDependencies = (
			);
			productName = HatchWorks_challengeUITests;
			productReference = 380F11F62E8EC5F1000753E9 /* HatchWorks_challengeUITests.xctest */;
			productType = "com.apple.product-type.bundle.ui-testing";
		};
/* End PBXNativeTarget section */

/* Begin PBXProject section */
		380F11D42E8EC5ED000753E9 /* Project object */ = {
			isa = PBXProject;
			attributes = {
				BuildIndependentTargetsInParallel = 1;
				LastSwiftUpdateCheck = 1620;
				LastUpgradeCheck = 1620;
				TargetAttributes = {
					380F11DB2E8EC5ED000753E9 = {
						CreatedOnToolsVersion = 16.2;
					};
					380F11EB2E8EC5F1000753E9 = {
						CreatedOnToolsVersion = 16.2;
						TestTargetID = 380F11DB2E8EC5ED000753E9;
					};
					380F11F52E8EC5F1000753E9 = {
						CreatedOnToolsVersion = 16.2;
						TestTargetID = 380F11DB2E8EC5ED000753E9;
					};
				};
			};
			buildConfigurationList = 380F11D72E8EC5ED000753E9 /* Build configuration list for PBXProject "HatchWorks_challenge" */;
			developmentRegion = en;
			hasScannedForEncodings = 0;
			knownRegions = (
				en,
				Base,
			);
			mainGroup = 380F11D32E8EC5ED000753E9;
			minimizedProjectReferenceProxies = 1;
			preferredProjectObjectVersion = 77;
			productRefGroup = 380F11DD2E8EC5ED000753E9 /* Products */;
			projectDirPath = "";
			projectRoot = "";
			targets = (
				380F11DB2E8EC5ED000753E9 /* HatchWorks_challenge */,
				380F11EB2E8EC5F1000753E9 /* HatchWorks_challengeTests */,
				380F11F52E8EC5F1000753E9 /* HatchWorks_challengeUITests */,
			);
		};
/* End PBXProject section */

/* Begin PBXResourcesBuildPhase section */
		380F11DA2E8EC5ED000753E9 /* Resources */ = {
			isa = PBXResourcesBuildPhase;
			buildActionMask = 2147483647;
			files = (
			);
			runOnlyForDeploymentPostprocessing = 0;
		};
		380F11EA2E8EC5F1000753E9 /* Resources */ = {
			isa = PBXResourcesBuildPhase;
			buildActionMask = 2147483647;
			files = (
			);
			runOnlyForDeploymentPostprocessing = 0;
		};
		380F11F42E8EC5F1000753E9 /* Resources */ = {
			isa = PBXResourcesBuildPhase;
			buildActionMask = 2147483647;
			files = (
			);
			runOnlyForDeploymentPostprocessing = 0;
		};
/* End PBXResourcesBuildPhase section */

/* Begin PBXSourcesBuildPhase section */
		380F11D82E8EC5ED000753E9 /* Sources */ = {
			isa = PBXSourcesBuildPhase;
			buildActionMask = 2147483647;
			files = (
			);
			runOnlyForDeploymentPostprocessing = 0;
		};
		380F11E82E8EC5F1000753E9 /* Sources */ = {
			isa = PBXSourcesBuildPhase;
			buildActionMask = 2147483647;
			files = (
			);
			runOnlyForDeploymentPostprocessing = 0;
		};
		380F11F22E8EC5F1000753E9 /* Sources */ = {
			isa = PBXSourcesBuildPhase;
			buildActionMask = 2147483647;
			files = (
			);
			runOnlyForDeploymentPostprocessing = 0;
		};
/* End PBXSourcesBuildPhase section */

/* Begin PBXTargetDependency section */
		380F11EE2E8EC5F1000753E9 /* PBXTargetDependency */ = {
			isa = PBXTargetDependency;
			target = 380F11DB2E8EC5ED000753E9 /* HatchWorks_challenge */;
			targetProxy = 380F11ED2E8EC5F1000753E9 /* PBXContainerItemProxy */;
		};
		380F11F82E8EC5F1000753E9 /* PBXTargetDependency */ = {
			isa = PBXTargetDependency;
			target = 380F11DB2E8EC5ED000753E9 /* HatchWorks_challenge */;
			targetProxy = 380F11F72E8EC5F1000753E9 /* PBXContainerItemProxy */;
		};
/* End PBXTargetDependency section */

/* Begin XCBuildConfiguration section */
		380F11FE2E8EC5F1000753E9 /* Debug */ = {
			isa = XCBuildConfiguration;
			buildSettings = {
				ALWAYS_SEARCH_USER_PATHS = NO;
				ASSETCATALOG_COMPILER_GENERATE_SWIFT_ASSET_SYMBOL_EXTENSIONS = YES;
				CLANG_ANALYZER_NONNULL = YES;
				CLANG_ANALYZER_NUMBER_OBJECT_CONVERSION = YES_AGGRESSIVE;
				CLANG_CXX_LANGUAGE_STANDARD = "gnu++20";
				CLANG_ENABLE_MODULES = YES;
				CLANG_ENABLE_OBJC_ARC = YES;
				CLANG_ENABLE_OBJC_WEAK = YES;
				CLANG_WARN_BLOCK_CAPTURE_AUTORELEASING = YES;
				CLANG_WARN_BOOL_CONVERSION = YES;
				CLANG_WARN_COMMA = YES;
				CLANG_WARN_CONSTANT_CONVERSION = YES;
				CLANG_WARN_DEPRECATED_OBJC_IMPLEMENTATIONS = YES;
				CLANG_WARN_DIRECT_OBJC_ISA_USAGE = YES_ERROR;
				CLANG_WARN_DOCUMENTATION_COMMENTS = YES;
				CLANG_WARN_EMPTY_BODY = YES;
				CLANG_WARN_ENUM_CONVERSION = YES;
				CLANG_WARN_INFINITE_RECURSION = YES;
				CLANG_WARN_INT_CONVERSION = YES;
				CLANG_WARN_NON_LITERAL_NULL_CONVERSION = YES;
				CLANG_WARN_OBJC_IMPLICIT_RETAIN_SELF = YES;
				CLANG_WARN_OBJC_LITERAL_CONVERSION = YES;
				CLANG_WARN_OBJC_ROOT_CLASS = YES_ERROR;
				CLANG_WARN_QUOTED_INCLUDE_IN_FRAMEWORK_HEADER = YES;
				CLANG_WARN_RANGE_LOOP_ANALYSIS = YES;
				CLANG_WARN_STRICT_PROTOTYPES = YES;
				CLANG_WARN_SUSPICIOUS_MOVE = YES;
				CLANG_WARN_UNGUARDED_AVAILABILITY = YES_AGGRESSIVE;
				CLANG_WARN_UNREACHABLE_CODE = YES;
				CLANG_WARN__DUPLICATE_METHOD_MATCH = YES;
				COPY_PHASE_STRIP = NO;
				DEBUG_INFORMATION_FORMAT = dwarf;
				ENABLE_STRICT_OBJC_MSGSEND = YES;
				ENABLE_TESTABILITY = YES;
				ENABLE_USER_SCRIPT_SANDBOXING = YES;
				GCC_C_LANGUAGE_STANDARD = gnu17;
				GCC_DYNAMIC_NO_PIC = NO;
				GCC_NO_COMMON_BLOCKS = YES;
				GCC_OPTIMIZATION_LEVEL = 0;
				GCC_PREPROCESSOR_DEFINITIONS = (
					"DEBUG=1",
					"$(inherited)",
				);
				GCC_WARN_64_TO_32_BIT_CONVERSION = YES;
				GCC_WARN_ABOUT_RETURN_TYPE = YES_ERROR;
				GCC_WARN_UNDECLARED_SELECTOR = YES;
				GCC_WARN_UNINITIALIZED_AUTOS = YES_AGGRESSIVE;
				GCC_WARN_UNUSED_FUNCTION = YES;
				GCC_WARN_UNUSED_VARIABLE = YES;
				IPHONEOS_DEPLOYMENT_TARGET = 18.2;
				LOCALIZATION_PREFERS_STRING_CATALOGS = YES;
				MTL_ENABLE_DEBUG_INFO = INCLUDE_SOURCE;
				MTL_FAST_MATH = YES;
				ONLY_ACTIVE_ARCH = YES;
				SDKROOT = iphoneos;
				SWIFT_ACTIVE_COMPILATION_CONDITIONS = "DEBUG $(inherited)";
				SWIFT_OPTIMIZATION_LEVEL = "-Onone";
			};
			name = Debug;
		};
		380F11FF2E8EC5F1000753E9 /* Release */ = {
			isa = XCBuildConfiguration;
			buildSettings = {
				ALWAYS_SEARCH_USER_PATHS = NO;
				ASSETCATALOG_COMPILER_GENERATE_SWIFT_ASSET_SYMBOL_EXTENSIONS = YES;
				CLANG_ANALYZER_NONNULL = YES;
				CLANG_ANALYZER_NUMBER_OBJECT_CONVERSION = YES_AGGRESSIVE;
				CLANG_CXX_LANGUAGE_STANDARD = "gnu++20";
				CLANG_ENABLE_MODULES = YES;
				CLANG_ENABLE_OBJC_ARC = YES;
				CLANG_ENABLE_OBJC_WEAK = YES;
				CLANG_WARN_BLOCK_CAPTURE_AUTORELEASING = YES;
				CLANG_WARN_BOOL_CONVERSION = YES;
				CLANG_WARN_COMMA = YES;
				CLANG_WARN_CONSTANT_CONVERSION = YES;
				CLANG_WARN_DEPRECATED_OBJC_IMPLEMENTATIONS = YES;
				CLANG_WARN_DIRECT_OBJC_ISA_USAGE = YES_ERROR;
				CLANG_WARN_DOCUMENTATION_COMMENTS = YES;
				CLANG_WARN_EMPTY_BODY = YES;
				CLANG_WARN_ENUM_CONVERSION = YES;
				CLANG_WARN_INFINITE_RECURSION = YES;
				CLANG_WARN_INT_CONVERSION = YES;
				CLANG_WARN_NON_LITERAL_NULL_CONVERSION = YES;
				CLANG_WARN_OBJC_IMPLICIT_RETAIN_SELF = YES;
				CLANG_WARN_OBJC_LITERAL_CONVERSION = YES;
				CLANG_WARN_OBJC_ROOT_CLASS = YES_ERROR;
				CLANG_WARN_QUOTED_INCLUDE_IN_FRAMEWORK_HEADER = YES;
				CLANG_WARN_RANGE_LOOP_ANALYSIS = YES;
				CLANG_WARN_STRICT_PROTOTYPES = YES;
				CLANG_WARN_SUSPICIOUS_MOVE = YES;
				CLANG_WARN_UNGUARDED_AVAILABILITY = YES_AGGRESSIVE;
				CLANG_WARN_UNREACHABLE_CODE = YES;
				CLANG_WARN__DUPLICATE_METHOD_MATCH = YES;
				COPY_PHASE_STRIP = NO;
				DEBUG_INFORMATION_FORMAT = "dwarf-with-dsym";
				ENABLE_NS_ASSERTIONS = NO;
				ENABLE_STRICT_OBJC_MSGSEND = YES;
				ENABLE_USER_SCRIPT_SANDBOXING = YES;
				GCC_C_LANGUAGE_STANDARD = gnu17;
				GCC_NO_COMMON_BLOCKS = YES;
				GCC_WARN_64_TO_32_BIT_CONVERSION = YES;
				GCC_WARN_ABOUT_RETURN_TYPE = YES_ERROR;
				GCC_WARN_UNDECLARED_SELECTOR = YES;
				GCC_WARN_UNINITIALIZED_AUTOS = YES_AGGRESSIVE;
				GCC_WARN_UNUSED_FUNCTION = YES;
				GCC_WARN_UNUSED_VARIABLE = YES;
				IPHONEOS_DEPLOYMENT_TARGET = 18.2;
				LOCALIZATION_PREFERS_STRING_CATALOGS = YES;
				MTL_ENABLE_DEBUG_INFO = NO;
				MTL_FAST_MATH = YES;
				SDKROOT = iphoneos;
				SWIFT_COMPILATION_MODE = wholemodule;
				VALIDATE_PRODUCT = YES;
			};
			name = Release;
		};
		380F12012E8EC5F1000753E9 /* Debug */ = {
			isa = XCBuildConfiguration;
			buildSettings = {
				ASSETCATALOG_COMPILER_APPICON_NAME = AppIcon;
				ASSETCATALOG_COMPILER_GLOBAL_ACCENT_COLOR_NAME = AccentColor;
				CODE_SIGN_STYLE = Automatic;
				CURRENT_PROJECT_VERSION = 1;
				DEVELOPMENT_ASSET_PATHS = "\"HatchWorks_challenge/Preview Content\"";
				DEVELOPMENT_TEAM = Z29XB4DA52;
				ENABLE_PREVIEWS = YES;
				GENERATE_INFOPLIST_FILE = YES;
				INFOPLIST_KEY_UIApplicationSceneManifest_Generation = YES;
				INFOPLIST_KEY_UIApplicationSupportsIndirectInputEvents = YES;
				INFOPLIST_KEY_UILaunchScreen_Generation = YES;
				INFOPLIST_KEY_UISupportedInterfaceOrientations_iPad = "UIInterfaceOrientationPortrait UIInterfaceOrientationPortraitUpsideDown UIInterfaceOrientationLandscapeLeft UIInterfaceOrientationLandscapeRight";
				INFOPLIST_KEY_UISupportedInterfaceOrientations_iPhone = "UIInterfaceOrientationPortrait UIInterfaceOrientationLandscapeLeft UIInterfaceOrientationLandscapeRight";
				LD_RUNPATH_SEARCH_PATHS = (
					"$(inherited)",
					"@executable_path/Frameworks",
				);
				MARKETING_VERSION = 1.0;
				PRODUCT_BUNDLE_IDENTIFIER = "com.jurangov.HatchWorks-challenge";
				PRODUCT_NAME = "$(TARGET_NAME)";
				SWIFT_EMIT_LOC_STRINGS = YES;
				SWIFT_VERSION = 5.0;
				TARGETED_DEVICE_FAMILY = "1,2";
			};
			name = Debug;
		};
		380F12022E8EC5F1000753E9 /* Release */ = {
			isa = XCBuildConfiguration;
			buildSettings = {
				ASSETCATALOG_COMPILER_APPICON_NAME = AppIcon;
				ASSETCATALOG_COMPILER_GLOBAL_ACCENT_COLOR_NAME = AccentColor;
				CODE_SIGN_STYLE = Automatic;
				CURRENT_PROJECT_VERSION = 1;
				DEVELOPMENT_ASSET_PATHS = "\"HatchWorks_challenge/Preview Content\"";
				DEVELOPMENT_TEAM = Z29XB4DA52;
				ENABLE_PREVIEWS = YES;
				GENERATE_INFOPLIST_FILE = YES;
				INFOPLIST_KEY_UIApplicationSceneManifest_Generation = YES;
				INFOPLIST_KEY_UIApplicationSupportsIndirectInputEvents = YES;
				INFOPLIST_KEY_UILaunchScreen_Generation = YES;
				INFOPLIST_KEY_UISupportedInterfaceOrientations_iPad = "UIInterfaceOrientationPortrait UIInterfaceOrientationPortraitUpsideDown UIInterfaceOrientationLandscapeLeft UIInterfaceOrientationLandscapeRight";
				INFOPLIST_KEY_UISupportedInterfaceOrientations_iPhone = "UIInterfaceOrientationPortrait UIInterfaceOrientationLandscapeLeft UIInterfaceOrientationLandscapeRight";
				LD_RUNPATH_SEARCH_PATHS = (
					"$(inherited)",
					"@executable_path/Frameworks",
				);
				MARKETING_VERSION = 1.0;
				PRODUCT_BUNDLE_IDENTIFIER = "com.jurangov.HatchWorks-challenge";
				PRODUCT_NAME = "$(TARGET_NAME)";
				SWIFT_EMIT_LOC_STRINGS = YES;
				SWIFT_VERSION = 5.0;
				TARGETED_DEVICE_FAMILY = "1,2";
			};
			name = Release;
		};
		380F12042E8EC5F1000753E9 /* Debug */ = {
			isa = XCBuildConfiguration;
			buildSettings = {
				BUNDLE_LOADER = "$(TEST_HOST)";
				CODE_SIGN_STYLE = Automatic;
				CURRENT_PROJECT_VERSION = 1;
				DEVELOPMENT_TEAM = Z29XB4DA52;
				GENERATE_INFOPLIST_FILE = YES;
				IPHONEOS_DEPLOYMENT_TARGET = 18.2;
				MARKETING_VERSION = 1.0;
				PRODUCT_BUNDLE_IDENTIFIER = "com.jurangov.HatchWorks-challengeTests";
				PRODUCT_NAME = "$(TARGET_NAME)";
				SWIFT_EMIT_LOC_STRINGS = NO;
				SWIFT_VERSION = 5.0;
				TARGETED_DEVICE_FAMILY = "1,2";
				TEST_HOST = "$(BUILT_PRODUCTS_DIR)/HatchWorks_challenge.app/$(BUNDLE_EXECUTABLE_FOLDER_PATH)/HatchWorks_challenge";
			};
			name = Debug;
		};
		380F12052E8EC5F1000753E9 /* Release */ = {
			isa = XCBuildConfiguration;
			buildSettings = {
				BUNDLE_LOADER = "$(TEST_HOST)";
				CODE_SIGN_STYLE = Automatic;
				CURRENT_PROJECT_VERSION = 1;
				DEVELOPMENT_TEAM = Z29XB4DA52;
				GENERATE_INFOPLIST_FILE = YES;
				IPHONEOS_DEPLOYMENT_TARGET = 18.2;
				MARKETING_VERSION = 1.0;
				PRODUCT_BUNDLE_IDENTIFIER = "com.jurangov.HatchWorks-challengeTests";
				PRODUCT_NAME = "$(TARGET_NAME)";
				SWIFT_EMIT_LOC_STRINGS = NO;
				SWIFT_VERSION = 5.0;
				TARGETED_DEVICE_FAMILY = "1,2";
				TEST_HOST = "$(BUILT_PRODUCTS_DIR)/HatchWorks_challenge.app/$(BUNDLE_EXECUTABLE_FOLDER_PATH)/HatchWorks_challenge";
			};
			name = Release;
		};
		380F12072E8EC5F1000753E9 /* Debug */ = {
			isa = XCBuildConfiguration;
			buildSettings = {
				CODE_SIGN_STYLE = Automatic;
				CURRENT_PROJECT_VERSION = 1;
				DEVELOPMENT_TEAM = Z29XB4DA52;
				GENERATE_INFOPLIST_FILE = YES;
				MARKETING_VERSION = 1.0;
				PRODUCT_BUNDLE_IDENTIFIER = "com.jurangov.HatchWorks-challengeUITests";
				PRODUCT_NAME = "$(TARGET_NAME)";
				SWIFT_EMIT_LOC_STRINGS = NO;
				SWIFT_VERSION = 5.0;
				TARGETED_DEVICE_FAMILY = "1,2";
				TEST_TARGET_NAME = HatchWorks_challenge;
			};
			name = Debug;
		};
		380F12082E8EC5F1000753E9 /* Release */ = {
			isa = XCBuildConfiguration;
			buildSettings = {
				CODE_SIGN_STYLE = Automatic;
				CURRENT_PROJECT_VERSION = 1;
				DEVELOPMENT_TEAM = Z29XB4DA52;
				GENERATE_INFOPLIST_FILE = YES;
				MARKETING_VERSION = 1.0;
				PRODUCT_BUNDLE_IDENTIFIER = "com.jurangov.HatchWorks-challengeUITests";
				PRODUCT_NAME = "$(TARGET_NAME)";
				SWIFT_EMIT_LOC_STRINGS = NO;
				SWIFT_VERSION = 5.0;
				TARGETED_DEVICE_FAMILY = "1,2";
				TEST_TARGET_NAME = HatchWorks_challenge;
			};
			name = Release;
		};
/* End XCBuildConfiguration section */

/* Begin XCConfigurationList section */
		380F11D72E8EC5ED000753E9 /* Build configuration list for PBXProject "HatchWorks_challenge" */ = {
			isa = XCConfigurationList;
			buildConfigurations = (
				380F11FE2E8EC5F1000753E9 /* Debug */,
				380F11FF2E8EC5F1000753E9 /* Release */,
			);
			defaultConfigurationIsVisible = 0;
			defaultConfigurationName = Release;
		};
		380F12002E8EC5F1000753E9 /* Build configuration list for PBXNativeTarget "HatchWorks_challenge" */ = {
			isa = XCConfigurationList;
			buildConfigurations = (
				380F12012E8EC5F1000753E9 /* Debug */,
				380F12022E8EC5F1000753E9 /* Release */,
			);
			defaultConfigurationIsVisible = 0;
			defaultConfigurationName = Release;
		};
		380F12032E8EC5F1000753E9 /* Build configuration list for PBXNativeTarget "HatchWorks_challengeTests" */ = {
			isa = XCConfigurationList;
			buildConfigurations = (
				380F12042E8EC5F1000753E9 /* Debug */,
				380F12052E8EC5F1000753E9 /* Release */,
			);
			defaultConfigurationIsVisible = 0;
			defaultConfigurationName = Release;
		};
		380F12062E8EC5F1000753E9 /* Build configuration list for PBXNativeTarget "HatchWorks_challengeUITests" */ = {
			isa = XCConfigurationList;
			buildConfigurations = (
				380F12072E8EC5F1000753E9 /* Debug */,
				380F12082E8EC5F1000753E9 /* Release */,
			);
			defaultConfigurationIsVisible = 0;
			defaultConfigurationName = Release;
		};
/* End XCConfigurationList section */
	};
	rootObject = 380F11D42E8EC5ED000753E9 /* Project object */;
}
